
Microsoft Visual Studio Solution File, Format Version 12.00
# Visual Studio Version 17
VisualStudioVersion = 17.6.33829.357
MinimumVisualStudioVersion = 10.0.40219.1
Project("{2150E333-8FDC-42A3-9474-1A3956D46DE8}") = "Services", "Services", "{32747448-0E64-460E-80A2-163ACD859E9C}"
EndProject
Project("{2150E333-8FDC-42A3-9474-1A3956D46DE8}") = "Catalog", "Catalog", "{95F3BC04-2DBC-4451-8F11-C78CEED67B23}"
EndProject
Project("{9A19103F-16F7-4668-BE54-9A1E7A4F7556}") = "Services.Catalog", "Services\Catalog\Services.Catalog\Services.Catalog.csproj", "{9EE55A81-CEEA-448E-86D1-938E8C685BEA}"
EndProject
Project("{2150E333-8FDC-42A3-9474-1A3956D46DE8}") = "Solution Items", "Solution Items", "{1462F4AA-330E-4899-B39B-95550653DA78}"
	ProjectSection(SolutionItems) = preProject
		Ports.txt = Ports.txt
	EndProjectSection
EndProject
Project("{2150E333-8FDC-42A3-9474-1A3956D46DE8}") = "Shared", "Shared", "{8521A073-675D-4456-9876-2B344B30DDD7}"
EndProject
Project("{9A19103F-16F7-4668-BE54-9A1E7A4F7556}") = "Shared", "Shared\Shared\Shared.csproj", "{204B8B8F-3C94-4354-8ADB-E209FBB21074}"
EndProject
Project("{2150E333-8FDC-42A3-9474-1A3956D46DE8}") = "IdentityServer", "IdentityServer", "{289C31A5-43FB-4311-AFF8-6ABEC500226E}"
EndProject
Project("{9A19103F-16F7-4668-BE54-9A1E7A4F7556}") = "MicroservicesFullCourse.IdentityServer", "..\MicroservicesFullCourse.IdentityServer\MicroservicesFullCourse.IdentityServer.csproj", "{D6CFAC90-2AC9-4186-BFFD-C8E242BAD36E}"
EndProject
Global
	GlobalSection(SolutionConfigurationPlatforms) = preSolution
		Debug|Any CPU = Debug|Any CPU
		Release|Any CPU = Release|Any CPU
	EndGlobalSection
	GlobalSection(ProjectConfigurationPlatforms) = postSolution
		{9EE55A81-CEEA-448E-86D1-938E8C685BEA}.Debug|Any CPU.ActiveCfg = Debug|Any CPU
		{9EE55A81-CEEA-448E-86D1-938E8C685BEA}.Debug|Any CPU.Build.0 = Debug|Any CPU
		{9EE55A81-CEEA-448E-86D1-938E8C685BEA}.Release|Any CPU.ActiveCfg = Release|Any CPU
		{9EE55A81-CEEA-448E-86D1-938E8C685BEA}.Release|Any CPU.Build.0 = Release|Any CPU
		{204B8B8F-3C94-4354-8ADB-E209FBB21074}.Debug|Any CPU.ActiveCfg = Debug|Any CPU
		{204B8B8F-3C94-4354-8ADB-E209FBB21074}.Debug|Any CPU.Build.0 = Debug|Any CPU
		{204B8B8F-3C94-4354-8ADB-E209FBB21074}.Release|Any CPU.ActiveCfg = Release|Any CPU
		{204B8B8F-3C94-4354-8ADB-E209FBB21074}.Release|Any CPU.Build.0 = Release|Any CPU
		{D6CFAC90-2AC9-4186-BFFD-C8E242BAD36E}.Debug|Any CPU.ActiveCfg = Debug|Any CPU
		{D6CFAC90-2AC9-4186-BFFD-C8E242BAD36E}.Debug|Any CPU.Build.0 = Debug|Any CPU
		{D6CFAC90-2AC9-4186-BFFD-C8E242BAD36E}.Release|Any CPU.ActiveCfg = Release|Any CPU
		{D6CFAC90-2AC9-4186-BFFD-C8E242BAD36E}.Release|Any CPU.Build.0 = Release|Any CPU
	EndGlobalSection
	GlobalSection(SolutionProperties) = preSolution
		HideSolutionNode = FALSE
	EndGlobalSection
	GlobalSection(NestedProjects) = preSolution
		{95F3BC04-2DBC-4451-8F11-C78CEED67B23} = {32747448-0E64-460E-80A2-163ACD859E9C}
		{9EE55A81-CEEA-448E-86D1-938E8C685BEA} = {95F3BC04-2DBC-4451-8F11-C78CEED67B23}
		{204B8B8F-3C94-4354-8ADB-E209FBB21074} = {8521A073-675D-4456-9876-2B344B30DDD7}
		{D6CFAC90-2AC9-4186-BFFD-C8E242BAD36E} = {289C31A5-43FB-4311-AFF8-6ABEC500226E}
	EndGlobalSection
	GlobalSection(ExtensibilityGlobals) = postSolution
		SolutionGuid = {6EA4EF6A-D8F7-454B-9A1C-02C23A563FD5}
	EndGlobalSection
EndGlobal
